
Microsoft Visual Studio Solution File, Format Version 12.00
# Visual Studio Version 17
VisualStudioVersion = 17.4.33205.214
MinimumVisualStudioVersion = 10.0.40219.1
Project("{8BC9CEB8-8B4A-11D0-8D11-00A0C91BC942}") = "LibMergeFS", "LibMergeFS\LibMergeFS.vcxproj", "{F956A17A-28EE-453B-9D52-CE87D45D476E}"
EndProject
Project("{8BC9CEB8-8B4A-11D0-8D11-00A0C91BC942}") = "MFPSNull", "MFPSNull\MFPSNull.vcxproj", "{5F559C6E-C4EA-452D-9A2E-EC1AEC4ED384}"
EndProject
Project("{8BC9CEB8-8B4A-11D0-8D11-00A0C91BC942}") = "MergeFSCC", "MergeFSCC\MergeFSCC.vcxproj", "{0FF70CB2-46CB-4167-B65C-2FC060B84DC5}"
EndProject
Project("{8BC9CEB8-8B4A-11D0-8D11-00A0C91BC942}") = "MFPSFileSystem", "MFPSFileSystem\MFPSFileSystem.vcxproj", "{FA6839F8-05B1-4178-9CB5-345FF70AB1A6}"
EndProject
Project("{2150E333-8FDC-42A3-9474-1A3956D46DE8}") = "Clients", "Clients", "{1E7571F9-94E7-46E2-AF72-7B42879C7FDE}"
EndProject
Project("{2150E333-8FDC-42A3-9474-1A3956D46DE8}") = "Core", "Core", "{EF806CFF-A63F-4669-87E6-1A048A18DD98}"
EndProject
Project("{2150E333-8FDC-42A3-9474-1A3956D46DE8}") = "Plugins", "Plugins", "{1CDDCAB1-5E68-4175-A624-F0E652918029}"
EndProject
Project("{2150E333-8FDC-42A3-9474-1A3956D46DE8}") = "MFPSCue", "MFPSCue", "{C2322308-2D42-457E-BB5A-EB0D17F2AD17}"
EndProject
Project("{8BC9CEB8-8B4A-11D0-8D11-00A0C91BC942}") = "MFPSArchive", "MFPSArchive\MFPSArchive.vcxproj", "{2E89077B-F99D-4E85-90ED-21F9BE82311B}"
EndProject
Project("{8BC9CEB8-8B4A-11D0-8D11-00A0C91BC942}") = "MFPSCue", "MFPSCue\MFPSCue.vcxproj", "{F7995C69-50AD-4D75-91E2-415AC9717B19}"
EndProject
Project("{2150E333-8FDC-42A3-9474-1A3956D46DE8}") = "Vendor", "Vendor", "{27EEAC2B-C550-48C8-AF34-B544073025F7}"
EndProject
Project("{8BC9CEB8-8B4A-11D0-8D11-00A0C91BC942}") = "libFLAC", "MFPSCue\Vendor\libFLAC.vcxproj", "{F53D7BD7-C8D5-46D2-B2EE-9223230B08E5}"
EndProject
Project("{8BC9CEB8-8B4A-11D0-8D11-00A0C91BC942}") = "libFLAC++", "MFPSCue\Vendor\libFLAC++.vcxproj", "{E295B111-030C-4CB5-BB85-6BBDA0B2436E}"
EndProject
Project("{2150E333-8FDC-42A3-9474-1A3956D46DE8}") = "MFPSArchive", "MFPSArchive", "{220F0C2B-65DB-48EE-A98A-EB327047E138}"
EndProject
Project("{2150E333-8FDC-42A3-9474-1A3956D46DE8}") = "Vendor", "Vendor", "{3ED728A2-DA52-41D9-96E3-08169C1CEFFC}"
EndProject
Project("{8BC9CEB8-8B4A-11D0-8D11-00A0C91BC942}") = "7z", "MFPSArchive\Vendor\7z.vcxproj", "{D51BB153-9C3F-47E3-A003-C1AAAE275299}"
EndProject
Project("{8BC9CEB8-8B4A-11D0-8D11-00A0C91BC942}") = "MergeFSMC", "MergeFSMC\MergeFSMC.vcxproj", "{F65D7580-925A-4F0A-BA17-058EFCBD21B0}"
EndProject
Project("{2150E333-8FDC-42A3-9474-1A3956D46DE8}") = "MergeFSMC", "MergeFSMC", "{87BFABDE-C28A-4493-8F75-9D180E9B5911}"
EndProject
Project("{2150E333-8FDC-42A3-9474-1A3956D46DE8}") = "Vendor", "Vendor", "{6306F7BA-110C-4D71-A808-E40141752BC6}"
EndProject
Project("{8BC9CEB8-8B4A-11D0-8D11-00A0C91BC942}") = "yaml-cpp", "MergeFSMC\Vendor\yaml-cpp.vcxproj", "{187858C1-4E20-4585-B17D-07F5A34EF0F5}"
EndProject
Project("{8BC9CEB8-8B4A-11D0-8D11-00A0C91BC942}") = "Util", "Util\Util.vcxproj", "{8926D400-55B9-4EC2-A30B-C3A0021080E7}"
EndProject
Global
	GlobalSection(SolutionConfigurationPlatforms) = preSolution
		Debug|x64 = Debug|x64
		Debug|x86 = Debug|x86
		Release|x64 = Release|x64
		Release|x86 = Release|x86
	EndGlobalSection
	GlobalSection(ProjectConfigurationPlatforms) = postSolution
		{F956A17A-28EE-453B-9D52-CE87D45D476E}.Debug|x64.ActiveCfg = Debug|x64
		{F956A17A-28EE-453B-9D52-CE87D45D476E}.Debug|x64.Build.0 = Debug|x64
		{F956A17A-28EE-453B-9D52-CE87D45D476E}.Debug|x86.ActiveCfg = Debug|Win32
		{F956A17A-28EE-453B-9D52-CE87D45D476E}.Debug|x86.Build.0 = Debug|Win32
		{F956A17A-28EE-453B-9D52-CE87D45D476E}.Release|x64.ActiveCfg = Release|x64
		{F956A17A-28EE-453B-9D52-CE87D45D476E}.Release|x64.Build.0 = Release|x64
		{F956A17A-28EE-453B-9D52-CE87D45D476E}.Release|x86.ActiveCfg = Release|Win32
		{F956A17A-28EE-453B-9D52-CE87D45D476E}.Release|x86.Build.0 = Release|Win32
		{5F559C6E-C4EA-452D-9A2E-EC1AEC4ED384}.Debug|x64.ActiveCfg = Debug|x64
		{5F559C6E-C4EA-452D-9A2E-EC1AEC4ED384}.Debug|x64.Build.0 = Debug|x64
		{5F559C6E-C4EA-452D-9A2E-EC1AEC4ED384}.Debug|x86.ActiveCfg = Debug|Win32
		{5F559C6E-C4EA-452D-9A2E-EC1AEC4ED384}.Debug|x86.Build.0 = Debug|Win32
		{5F559C6E-C4EA-452D-9A2E-EC1AEC4ED384}.Release|x64.ActiveCfg = Release|x64
		{5F559C6E-C4EA-452D-9A2E-EC1AEC4ED384}.Release|x64.Build.0 = Release|x64
		{5F559C6E-C4EA-452D-9A2E-EC1AEC4ED384}.Release|x86.ActiveCfg = Release|Win32
		{5F559C6E-C4EA-452D-9A2E-EC1AEC4ED384}.Release|x86.Build.0 = Release|Win32
		{0FF70CB2-46CB-4167-B65C-2FC060B84DC5}.Debug|x64.ActiveCfg = Debug|x64
		{0FF70CB2-46CB-4167-B65C-2FC060B84DC5}.Debug|x64.Build.0 = Debug|x64
		{0FF70CB2-46CB-4167-B65C-2FC060B84DC5}.Debug|x86.ActiveCfg = Debug|Win32
		{0FF70CB2-46CB-4167-B65C-2FC060B84DC5}.Debug|x86.Build.0 = Debug|Win32
		{0FF70CB2-46CB-4167-B65C-2FC060B84DC5}.Release|x64.ActiveCfg = Release|x64
		{0FF70CB2-46CB-4167-B65C-2FC060B84DC5}.Release|x64.Build.0 = Release|x64
		{0FF70CB2-46CB-4167-B65C-2FC060B84DC5}.Release|x86.ActiveCfg = Release|Win32
		{0FF70CB2-46CB-4167-B65C-2FC060B84DC5}.Release|x86.Build.0 = Release|Win32
		{FA6839F8-05B1-4178-9CB5-345FF70AB1A6}.Debug|x64.ActiveCfg = Debug|x64
		{FA6839F8-05B1-4178-9CB5-345FF70AB1A6}.Debug|x64.Build.0 = Debug|x64
		{FA6839F8-05B1-4178-9CB5-345FF70AB1A6}.Debug|x86.ActiveCfg = Debug|Win32
		{FA6839F8-05B1-4178-9CB5-345FF70AB1A6}.Debug|x86.Build.0 = Debug|Win32
		{FA6839F8-05B1-4178-9CB5-345FF70AB1A6}.Release|x64.ActiveCfg = Release|x64
		{FA6839F8-05B1-4178-9CB5-345FF70AB1A6}.Release|x64.Build.0 = Release|x64
		{FA6839F8-05B1-4178-9CB5-345FF70AB1A6}.Release|x86.ActiveCfg = Release|Win32
		{FA6839F8-05B1-4178-9CB5-345FF70AB1A6}.Release|x86.Build.0 = Release|Win32
		{2E89077B-F99D-4E85-90ED-21F9BE82311B}.Debug|x64.ActiveCfg = Debug|x64
		{2E89077B-F99D-4E85-90ED-21F9BE82311B}.Debug|x64.Build.0 = Debug|x64
		{2E89077B-F99D-4E85-90ED-21F9BE82311B}.Debug|x86.ActiveCfg = Debug|Win32
		{2E89077B-F99D-4E85-90ED-21F9BE82311B}.Debug|x86.Build.0 = Debug|Win32
		{2E89077B-F99D-4E85-90ED-21F9BE82311B}.Release|x64.ActiveCfg = Release|x64
		{2E89077B-F99D-4E85-90ED-21F9BE82311B}.Release|x64.Build.0 = Release|x64
		{2E89077B-F99D-4E85-90ED-21F9BE82311B}.Release|x86.ActiveCfg = Release|Win32
		{2E89077B-F99D-4E85-90ED-21F9BE82311B}.Release|x86.Build.0 = Release|Win32
		{F7995C69-50AD-4D75-91E2-415AC9717B19}.Debug|x64.ActiveCfg = Debug|x64
		{F7995C69-50AD-4D75-91E2-415AC9717B19}.Debug|x64.Build.0 = Debug|x64
		{F7995C69-50AD-4D75-91E2-415AC9717B19}.Debug|x86.ActiveCfg = Debug|Win32
		{F7995C69-50AD-4D75-91E2-415AC9717B19}.Debug|x86.Build.0 = Debug|Win32
		{F7995C69-50AD-4D75-91E2-415AC9717B19}.Release|x64.ActiveCfg = Release|x64
		{F7995C69-50AD-4D75-91E2-415AC9717B19}.Release|x64.Build.0 = Release|x64
		{F7995C69-50AD-4D75-91E2-415AC9717B19}.Release|x86.ActiveCfg = Release|Win32
		{F7995C69-50AD-4D75-91E2-415AC9717B19}.Release|x86.Build.0 = Release|Win32
		{F53D7BD7-C8D5-46D2-B2EE-9223230B08E5}.Debug|x64.ActiveCfg = Debug|x64
		{F53D7BD7-C8D5-46D2-B2EE-9223230B08E5}.Debug|x64.Build.0 = Debug|x64
		{F53D7BD7-C8D5-46D2-B2EE-9223230B08E5}.Debug|x86.ActiveCfg = Debug|Win32
		{F53D7BD7-C8D5-46D2-B2EE-9223230B08E5}.Debug|x86.Build.0 = Debug|Win32
		{F53D7BD7-C8D5-46D2-B2EE-9223230B08E5}.Release|x64.ActiveCfg = Release|x64
		{F53D7BD7-C8D5-46D2-B2EE-9223230B08E5}.Release|x64.Build.0 = Release|x64
		{F53D7BD7-C8D5-46D2-B2EE-9223230B08E5}.Release|x86.ActiveCfg = Release|Win32
		{F53D7BD7-C8D5-46D2-B2EE-9223230B08E5}.Release|x86.Build.0 = Release|Win32
		{E295B111-030C-4CB5-BB85-6BBDA0B2436E}.Debug|x64.ActiveCfg = Debug|x64
		{E295B111-030C-4CB5-BB85-6BBDA0B2436E}.Debug|x64.Build.0 = Debug|x64
		{E295B111-030C-4CB5-BB85-6BBDA0B2436E}.Debug|x86.ActiveCfg = Debug|Win32
		{E295B111-030C-4CB5-BB85-6BBDA0B2436E}.Debug|x86.Build.0 = Debug|Win32
		{E295B111-030C-4CB5-BB85-6BBDA0B2436E}.Release|x64.ActiveCfg = Release|x64
		{E295B111-030C-4CB5-BB85-6BBDA0B2436E}.Release|x64.Build.0 = Release|x64
		{E295B111-030C-4CB5-BB85-6BBDA0B2436E}.Release|x86.ActiveCfg = Release|Win32
		{E295B111-030C-4CB5-BB85-6BBDA0B2436E}.Release|x86.Build.0 = Release|Win32
		{D51BB153-9C3F-47E3-A003-C1AAAE275299}.Debug|x64.ActiveCfg = Debug|x64
		{D51BB153-9C3F-47E3-A003-C1AAAE275299}.Debug|x64.Build.0 = Debug|x64
		{D51BB153-9C3F-47E3-A003-C1AAAE275299}.Debug|x86.ActiveCfg = Debug|Win32
		{D51BB153-9C3F-47E3-A003-C1AAAE275299}.Debug|x86.Build.0 = Debug|Win32
		{D51BB153-9C3F-47E3-A003-C1AAAE275299}.Release|x64.ActiveCfg = Release|x64
		{D51BB153-9C3F-47E3-A003-C1AAAE275299}.Release|x64.Build.0 = Release|x64
		{D51BB153-9C3F-47E3-A003-C1AAAE275299}.Release|x86.ActiveCfg = Release|Win32
		{D51BB153-9C3F-47E3-A003-C1AAAE275299}.Release|x86.Build.0 = Release|Win32
		{F65D7580-925A-4F0A-BA17-058EFCBD21B0}.Debug|x64.ActiveCfg = Debug|x64
		{F65D7580-925A-4F0A-BA17-058EFCBD21B0}.Debug|x64.Build.0 = Debug|x64
		{F65D7580-925A-4F0A-BA17-058EFCBD21B0}.Debug|x86.ActiveCfg = Debug|Win32
		{F65D7580-925A-4F0A-BA17-058EFCBD21B0}.Debug|x86.Build.0 = Debug|Win32
		{F65D7580-925A-4F0A-BA17-058EFCBD21B0}.Release|x64.ActiveCfg = Release|x64
		{F65D7580-925A-4F0A-BA17-058EFCBD21B0}.Release|x64.Build.0 = Release|x64
		{F65D7580-925A-4F0A-BA17-058EFCBD21B0}.Release|x86.ActiveCfg = Release|Win32
		{F65D7580-925A-4F0A-BA17-058EFCBD21B0}.Release|x86.Build.0 = Release|Win32
		{187858C1-4E20-4585-B17D-07F5A34EF0F5}.Debug|x64.ActiveCfg = Debug|x64
		{187858C1-4E20-4585-B17D-07F5A34EF0F5}.Debug|x64.Build.0 = Debug|x64
		{187858C1-4E20-4585-B17D-07F5A34EF0F5}.Debug|x86.ActiveCfg = Debug|Win32
		{187858C1-4E20-4585-B17D-07F5A34EF0F5}.Debug|x86.Build.0 = Debug|Win32
		{187858C1-4E20-4585-B17D-07F5A34EF0F5}.Release|x64.ActiveCfg = Release|x64
		{187858C1-4E20-4585-B17D-07F5A34EF0F5}.Release|x64.Build.0 = Release|x64
		{187858C1-4E20-4585-B17D-07F5A34EF0F5}.Release|x86.ActiveCfg = Release|Win32
		{187858C1-4E20-4585-B17D-07F5A34EF0F5}.Release|x86.Build.0 = Release|Win32
		{8926D400-55B9-4EC2-A30B-C3A0021080E7}.Debug|x64.ActiveCfg = Debug|x64
		{8926D400-55B9-4EC2-A30B-C3A0021080E7}.Debug|x64.Build.0 = Debug|x64
		{8926D400-55B9-4EC2-A30B-C3A0021080E7}.Debug|x86.ActiveCfg = Debug|Win32
		{8926D400-55B9-4EC2-A30B-C3A0021080E7}.Debug|x86.Build.0 = Debug|Win32
		{8926D400-55B9-4EC2-A30B-C3A0021080E7}.Release|x64.ActiveCfg = Release|x64
		{8926D400-55B9-4EC2-A30B-C3A0021080E7}.Release|x64.Build.0 = Release|x64
		{8926D400-55B9-4EC2-A30B-C3A0021080E7}.Release|x86.ActiveCfg = Release|Win32
		{8926D400-55B9-4EC2-A30B-C3A0021080E7}.Release|x86.Build.0 = Release|Win32
	EndGlobalSection
	GlobalSection(SolutionProperties) = preSolution
		HideSolutionNode = FALSE
	EndGlobalSection
	GlobalSection(NestedProjects) = preSolution
		{F956A17A-28EE-453B-9D52-CE87D45D476E} = {EF806CFF-A63F-4669-87E6-1A048A18DD98}
		{5F559C6E-C4EA-452D-9A2E-EC1AEC4ED384} = {1CDDCAB1-5E68-4175-A624-F0E652918029}
		{0FF70CB2-46CB-4167-B65C-2FC060B84DC5} = {1E7571F9-94E7-46E2-AF72-7B42879C7FDE}
		{FA6839F8-05B1-4178-9CB5-345FF70AB1A6} = {1CDDCAB1-5E68-4175-A624-F0E652918029}
		{C2322308-2D42-457E-BB5A-EB0D17F2AD17} = {1CDDCAB1-5E68-4175-A624-F0E652918029}
		{2E89077B-F99D-4E85-90ED-21F9BE82311B} = {220F0C2B-65DB-48EE-A98A-EB327047E138}
		{F7995C69-50AD-4D75-91E2-415AC9717B19} = {C2322308-2D42-457E-BB5A-EB0D17F2AD17}
		{27EEAC2B-C550-48C8-AF34-B544073025F7} = {C2322308-2D42-457E-BB5A-EB0D17F2AD17}
		{F53D7BD7-C8D5-46D2-B2EE-9223230B08E5} = {27EEAC2B-C550-48C8-AF34-B544073025F7}
		{E295B111-030C-4CB5-BB85-6BBDA0B2436E} = {27EEAC2B-C550-48C8-AF34-B544073025F7}
		{220F0C2B-65DB-48EE-A98A-EB327047E138} = {1CDDCAB1-5E68-4175-A624-F0E652918029}
		{3ED728A2-DA52-41D9-96E3-08169C1CEFFC} = {220F0C2B-65DB-48EE-A98A-EB327047E138}
		{D51BB153-9C3F-47E3-A003-C1AAAE275299} = {3ED728A2-DA52-41D9-96E3-08169C1CEFFC}
		{F65D7580-925A-4F0A-BA17-058EFCBD21B0} = {87BFABDE-C28A-4493-8F75-9D180E9B5911}
		{87BFABDE-C28A-4493-8F75-9D180E9B5911} = {1E7571F9-94E7-46E2-AF72-7B42879C7FDE}
		{6306F7BA-110C-4D71-A808-E40141752BC6} = {87BFABDE-C28A-4493-8F75-9D180E9B5911}
		{187858C1-4E20-4585-B17D-07F5A34EF0F5} = {6306F7BA-110C-4D71-A808-E40141752BC6}
	EndGlobalSection
	GlobalSection(ExtensibilityGlobals) = postSolution
		SolutionGuid = {C29D7671-BE04-4DDD-A552-27B742B388C3}
	EndGlobalSection
EndGlobal
