<?xml version="1.0" encoding="utf-8"?>
<Project ToolsVersion="4.0" xmlns="http://schemas.microsoft.com/developer/msbuild/2003">
  <ItemGroup>
    <Filter Include="Header Files">
      <UniqueIdentifier>{93995380-89BD-4b04-88EB-625FBE52EBFB}</UniqueIdentifier>
      <Extensions>h;hh;hpp;hxx;hm;inl;inc;ipp;xsd</Extensions>
    </Filter>
    <Filter Include="Resource Files">
      <UniqueIdentifier>{67DA6AB6-F800-4c08-8B7A-83BB121AAD01}</UniqueIdentifier>
      <Extensions>rc;ico;cur;bmp;dlg;rc2;rct;bin;rgs;gif;jpg;jpeg;jpe;resx;tiff;tif;png;wav;mfcribbon-ms</Extensions>
    </Filter>
    <Filter Include="Source Files">
      <UniqueIdentifier>{4FC737F1-C7A5-4376-A066-2A32D752A2FF}</UniqueIdentifier>
      <Extensions>cpp;c;cc;cxx;def;odl;idl;hpj;bat;asm;asmx</Extensions>
    </Filter>
    <Filter Include="Header Files\../SDK">
      <UniqueIdentifier>{725bf351-6ce0-40f8-a257-cfa43edf65ff}</UniqueIdentifier>
    </Filter>
    <Filter Include="Header Files\../SDK\Plugin">
      <UniqueIdentifier>{056d2e6b-27a9-4cbf-8639-3a7a5013887d}</UniqueIdentifier>
    </Filter>
    <Filter Include="Source Files\../SDK">
      <UniqueIdentifier>{e5cf9fdf-e40b-4da3-9e20-fa12738d995d}</UniqueIdentifier>
    </Filter>
  </ItemGroup>
  <ItemGroup>
    <ClInclude Include="SourcePlugin.hpp">
      <Filter>Header Files</Filter>
    </ClInclude>
    <ClInclude Include="SourcePluginStore.hpp">
      <Filter>Header Files</Filter>
    </ClInclude>
    <ClInclude Include="Metadata.hpp">
      <Filter>Header Files</Filter>
    </ClInclude>
    <ClInclude Include="Util.hpp">
      <Filter>Header Files</Filter>
    </ClInclude>
    <ClInclude Include="MountSource.hpp">
      <Filter>Header Files</Filter>
    </ClInclude>
    <ClInclude Include="NsError.hpp">
      <Filter>Header Files</Filter>
    </ClInclude>
    <ClInclude Include="PluginBase.hpp">
      <Filter>Header Files</Filter>
    </ClInclude>
    <ClInclude Include="Mount.hpp">
      <Filter>Header Files</Filter>
    </ClInclude>
    <ClInclude Include="DokanOperations.hpp">
      <Filter>Header Files</Filter>
    </ClInclude>
    <ClInclude Include="DokanConfig.hpp">
      <Filter>Header Files</Filter>
    </ClInclude>
    <ClInclude Include="MountStore.hpp">
      <Filter>Header Files</Filter>
    </ClInclude>
    <ClInclude Include="MetadataStore.hpp">
      <Filter>Header Files</Filter>
    </ClInclude>
    <ClInclude Include="RenameStore.hpp">
      <Filter>Header Files</Filter>
    </ClInclude>
    <ClInclude Include="..\SDK\LibMergeFS.h">
      <Filter>Header Files\../SDK</Filter>
    </ClInclude>
    <ClInclude Include="..\SDK\Plugin\Source.h">
      <Filter>Header Files\../SDK\Plugin</Filter>
    </ClInclude>
    <ClInclude Include="..\SDK\Plugin\Common.h">
      <Filter>Header Files\../SDK\Plugin</Filter>
    </ClInclude>
    <ClInclude Include="GUIDUtil.hpp">
      <Filter>Header Files</Filter>
    </ClInclude>
    <ClInclude Include="..\SDK\CaseSensitivity.hpp">
      <Filter>Header Files\../SDK</Filter>
    </ClInclude>
  </ItemGroup>
  <ItemGroup>
    <ClCompile Include="Main.cpp">
      <Filter>Source Files</Filter>
    </ClCompile>
    <ClCompile Include="SourcePlugin.cpp">
      <Filter>Source Files</Filter>
    </ClCompile>
    <ClCompile Include="Util.cpp">
      <Filter>Source Files</Filter>
    </ClCompile>
    <ClCompile Include="MountSource.cpp">
      <Filter>Source Files</Filter>
    </ClCompile>
    <ClCompile Include="NsError.cpp">
      <Filter>Source Files</Filter>
    </ClCompile>
    <ClCompile Include="PluginBase.cpp">
      <Filter>Source Files</Filter>
    </ClCompile>
    <ClCompile Include="Mount.cpp">
      <Filter>Source Files</Filter>
    </ClCompile>
    <ClCompile Include="DokanOperations.cpp">
      <Filter>Source Files</Filter>
    </ClCompile>
    <ClCompile Include="RenameStore.cpp">
      <Filter>Source Files</Filter>
    </ClCompile>
    <ClCompile Include="MetadataStore.cpp">
      <Filter>Source Files</Filter>
    </ClCompile>
    <ClCompile Include="SourcePluginStore.cpp">
      <Filter>Source Files</Filter>
    </ClCompile>
    <ClCompile Include="MountStore.cpp">
      <Filter>Source Files</Filter>
    </ClCompile>
    <ClCompile Include="GUIDUtil.cpp">
      <Filter>Source Files</Filter>
    </ClCompile>
    <ClCompile Include="..\SDK\CaseSensitivity.cpp">
      <Filter>Source Files\../SDK</Filter>
    </ClCompile>
  </ItemGroup>
  <ItemGroup>
    <None Include="LibMergeFS.def">
      <Filter>Source Files</Filter>
    </None>
  </ItemGroup>
</Project>