<?xml version="1.0" encoding="utf-8"?>
<Project ToolsVersion="4.0" xmlns="http://schemas.microsoft.com/developer/msbuild/2003">
  <ItemGroup>
    <Filter Include="Header Files">
      <UniqueIdentifier>{93995380-89BD-4b04-88EB-625FBE52EBFB}</UniqueIdentifier>
      <Extensions>h;hh;hpp;hxx;hm;inl;inc;ipp;xsd</Extensions>
    </Filter>
    <Filter Include="Source Files">
      <UniqueIdentifier>{4FC737F1-C7A5-4376-A066-2A32D752A2FF}</UniqueIdentifier>
      <Extensions>cpp;c;cc;cxx;def;odl;idl;hpj;bat;asm;asmx</Extensions>
    </Filter>
    <Filter Include="Resource Files">
      <UniqueIdentifier>{67DA6AB6-F800-4c08-8B7A-83BB121AAD01}</UniqueIdentifier>
      <Extensions>rc;ico;cur;bmp;dlg;rc2;rct;bin;rgs;gif;jpg;jpeg;jpe;resx;tiff;tif;png;wav;mfcribbon-ms</Extensions>
    </Filter>
    <Filter Include="Header Files\../SDK">
      <UniqueIdentifier>{ce1f1a84-2a1b-439f-b5c8-bc6cac9e97dc}</UniqueIdentifier>
    </Filter>
    <Filter Include="Header Files\../SDK\Plugin">
      <UniqueIdentifier>{0455b7e4-25b9-4d5a-910b-6d77990a7645}</UniqueIdentifier>
    </Filter>
    <Filter Include="Source Files\../SDK">
      <UniqueIdentifier>{23daa55a-808d-4499-8ee1-1eea50ddf937}</UniqueIdentifier>
    </Filter>
    <Filter Include="Source Files\../SDK\Plugin">
      <UniqueIdentifier>{55b17a7b-1512-4279-81e5-b4deb95f0da5}</UniqueIdentifier>
    </Filter>
  </ItemGroup>
  <ItemGroup>
    <ClInclude Include="CueSourceMountFile.hpp">
      <Filter>Header Files</Filter>
    </ClInclude>
    <ClInclude Include="Util.hpp">
      <Filter>Header Files</Filter>
    </ClInclude>
    <ClInclude Include="CueSourceMount.hpp">
      <Filter>Header Files</Filter>
    </ClInclude>
    <ClInclude Include="CueSheet.hpp">
      <Filter>Header Files</Filter>
    </ClInclude>
    <ClInclude Include="EncodingConverter.hpp">
      <Filter>Header Files</Filter>
    </ClInclude>
    <ClInclude Include="Source.hpp">
      <Filter>Header Files</Filter>
    </ClInclude>
    <ClInclude Include="MergedSource.hpp">
      <Filter>Header Files</Filter>
    </ClInclude>
    <ClInclude Include="MemorySource.hpp">
      <Filter>Header Files</Filter>
    </ClInclude>
    <ClInclude Include="..\SDK\LibMergeFS.h">
      <Filter>Header Files\../SDK</Filter>
    </ClInclude>
    <ClInclude Include="..\SDK\Plugin\Common.h">
      <Filter>Header Files\../SDK\Plugin</Filter>
    </ClInclude>
    <ClInclude Include="..\SDK\Plugin\Source.h">
      <Filter>Header Files\../SDK\Plugin</Filter>
    </ClInclude>
    <ClInclude Include="..\SDK\Plugin\SourceCpp.hpp">
      <Filter>Header Files\../SDK\Plugin</Filter>
    </ClInclude>
    <ClInclude Include="..\SDK\Plugin\SourceCppReadonly.hpp">
      <Filter>Header Files\../SDK\Plugin</Filter>
    </ClInclude>
    <ClInclude Include="PartialSource.hpp">
      <Filter>Header Files</Filter>
    </ClInclude>
    <ClInclude Include="DirectoryTree.hpp">
      <Filter>Header Files</Filter>
    </ClInclude>
    <ClInclude Include="FileSource.hpp">
      <Filter>Header Files</Filter>
    </ClInclude>
    <ClInclude Include="CueAudioLoader.hpp">
      <Filter>Header Files</Filter>
    </ClInclude>
    <ClInclude Include="TransformToAudioSource.hpp">
      <Filter>Header Files</Filter>
    </ClInclude>
    <ClInclude Include="GenerateTagID3.hpp">
      <Filter>Header Files</Filter>
    </ClInclude>
    <ClInclude Include="GenerateTagRIFF.hpp">
      <Filter>Header Files</Filter>
    </ClInclude>
    <ClInclude Include="AudioSource.hpp">
      <Filter>Header Files</Filter>
    </ClInclude>
    <ClInclude Include="SourceToAudioSourceBin.hpp">
      <Filter>Header Files</Filter>
    </ClInclude>
    <ClInclude Include="SourceToAudioSourceFLAC.hpp">
      <Filter>Header Files</Filter>
    </ClInclude>
    <ClInclude Include="SourceToAudioSourceWAV.hpp">
      <Filter>Header Files</Filter>
    </ClInclude>
    <ClInclude Include="AudioSourceWrapper.hpp">
      <Filter>Header Files</Filter>
    </ClInclude>
    <ClInclude Include="AudioSourceToSourceWAV.hpp">
      <Filter>Header Files</Filter>
    </ClInclude>
    <ClInclude Include="GeneratePlaylistCue.hpp">
      <Filter>Header Files</Filter>
    </ClInclude>
    <ClInclude Include="GeneratePlaylistM3U8.hpp">
      <Filter>Header Files</Filter>
    </ClInclude>
    <ClInclude Include="OnMemorySourceWrapper.hpp">
      <Filter>Header Files</Filter>
    </ClInclude>
    <ClInclude Include="..\SDK\CaseSensitivity.hpp">
      <Filter>Header Files\../SDK</Filter>
    </ClInclude>
    <ClInclude Include="..\SDK\FileNaming.hpp">
      <Filter>Header Files\../SDK</Filter>
    </ClInclude>
  </ItemGroup>
  <ItemGroup>
    <ClCompile Include="Main.cpp">
      <Filter>Source Files</Filter>
    </ClCompile>
    <ClCompile Include="Util.cpp">
      <Filter>Source Files</Filter>
    </ClCompile>
    <ClCompile Include="CueSourceMount.cpp">
      <Filter>Source Files</Filter>
    </ClCompile>
    <ClCompile Include="CueSourceMountFile.cpp">
      <Filter>Source Files</Filter>
    </ClCompile>
    <ClCompile Include="CueSheet.cpp">
      <Filter>Source Files</Filter>
    </ClCompile>
    <ClCompile Include="EncodingConverter.cpp">
      <Filter>Source Files</Filter>
    </ClCompile>
    <ClCompile Include="MergedSource.cpp">
      <Filter>Source Files</Filter>
    </ClCompile>
    <ClCompile Include="MemorySource.cpp">
      <Filter>Source Files</Filter>
    </ClCompile>
    <ClCompile Include="PartialSource.cpp">
      <Filter>Source Files</Filter>
    </ClCompile>
    <ClCompile Include="DirectoryTree.cpp">
      <Filter>Source Files</Filter>
    </ClCompile>
    <ClCompile Include="FileSource.cpp">
      <Filter>Source Files</Filter>
    </ClCompile>
    <ClCompile Include="CueAudioLoader.cpp">
      <Filter>Source Files</Filter>
    </ClCompile>
    <ClCompile Include="TransformToAudioSource.cpp">
      <Filter>Source Files</Filter>
    </ClCompile>
    <ClCompile Include="GenerateTagID3.cpp">
      <Filter>Source Files</Filter>
    </ClCompile>
    <ClCompile Include="GenerateTagRIFF.cpp">
      <Filter>Source Files</Filter>
    </ClCompile>
    <ClCompile Include="SourceToAudioSourceBin.cpp">
      <Filter>Source Files</Filter>
    </ClCompile>
    <ClCompile Include="SourceToAudioSourceFLAC.cpp">
      <Filter>Source Files</Filter>
    </ClCompile>
    <ClCompile Include="SourceToAudioSourceWAV.cpp">
      <Filter>Source Files</Filter>
    </ClCompile>
    <ClCompile Include="AudioSourceWrapper.cpp">
      <Filter>Source Files</Filter>
    </ClCompile>
    <ClCompile Include="AudioSourceToSourceWAV.cpp">
      <Filter>Source Files</Filter>
    </ClCompile>
    <ClCompile Include="GeneratePlaylistCue.cpp">
      <Filter>Source Files</Filter>
    </ClCompile>
    <ClCompile Include="GeneratePlaylistM3U8.cpp">
      <Filter>Source Files</Filter>
    </ClCompile>
    <ClCompile Include="OnMemorySourceWrapper.cpp">
      <Filter>Source Files</Filter>
    </ClCompile>
    <ClCompile Include="..\SDK\Plugin\SourceCpp.cpp">
      <Filter>Source Files\../SDK\Plugin</Filter>
    </ClCompile>
    <ClCompile Include="..\SDK\Plugin\SourceCppReadonly.cpp">
      <Filter>Source Files\../SDK\Plugin</Filter>
    </ClCompile>
    <ClCompile Include="..\SDK\CaseSensitivity.cpp">
      <Filter>Source Files\../SDK</Filter>
    </ClCompile>
  </ItemGroup>
  <ItemGroup>
    <None Include="..\SDK\Plugin\Source.def">
      <Filter>Source Files\../SDK\Plugin</Filter>
    </None>
  </ItemGroup>
</Project>